
Microsoft Visual Studio Solution File, Format Version 12.00
# Visual Studio 15
VisualStudioVersion = 15.0.28307.271
MinimumVisualStudioVersion = 10.0.40219.1
Project("{9A19103F-16F7-4668-BE54-9A1E7A4F7556}") = "01.Train", "01.Train\01.Train.csproj", "{3A2868F7-F387-4A07-A268-7866B53BA87F}"
EndProject
Project("{9A19103F-16F7-4668-BE54-9A1E7A4F7556}") = "02. Common Elements", "02. Common Elements\02. Common Elements.csproj", "{5B95A79A-FA2F-4478-9E54-481762036F18}"
EndProject
Project("{9A19103F-16F7-4668-BE54-9A1E7A4F7556}") = "03. Zig-Zag Arrays", "03. Zig-Zag Arrays\03. Zig-Zag Arrays.csproj", "{9B59C09D-DD34-4BDD-8331-EBC0641713A2}"
EndProject
Project("{9A19103F-16F7-4668-BE54-9A1E7A4F7556}") = "04.Array Rotation", "04.Array Rotation\04.Array Rotation.csproj", "{EB57F9CC-0E6C-4D78-BBB8-7CD8652E69BD}"
EndProject
Project("{9A19103F-16F7-4668-BE54-9A1E7A4F7556}") = "05.Top Integers", "05.Top Integers\05.Top Integers.csproj", "{4207B30A-06F9-4605-B311-C5216ACE2247}"
EndProject
Project("{9A19103F-16F7-4668-BE54-9A1E7A4F7556}") = "07. Max Sequence of Equal Elements", "07. Max Sequence of Equal Elements\07. Max Sequence of Equal Elements.csproj", "{11F815E7-65D0-4183-9F6F-62CF291F1B9A}"
EndProject
Project("{9A19103F-16F7-4668-BE54-9A1E7A4F7556}") = "06. Equal Sum", "06. Equal Sum\06. Equal Sum.csproj", "{F0662B99-C90E-4CE9-81FF-4622CE5C029E}"
EndProject
Project("{9A19103F-16F7-4668-BE54-9A1E7A4F7556}") = "10.LadyBugs", "10.LadyBugs\10.LadyBugs.csproj", "{22E9D442-B694-4132-9DF7-24E50E2D8F6C}"
EndProject
Project("{9A19103F-16F7-4668-BE54-9A1E7A4F7556}") = "08.Magic Sum", "08.Magic Sum\08.Magic Sum.csproj", "{44A5E7CF-7195-46FC-99B2-6F4B82227C08}"
EndProject
Project("{9A19103F-16F7-4668-BE54-9A1E7A4F7556}") = "09.KaminoFactory", "09.KaminoFactory\09.KaminoFactory.csproj", "{1B2F92AC-3A33-42CF-9172-D21AB0BD660D}"
EndProject
Project("{FAE04EC0-301F-11D3-BF4B-00C04F79EFBC}") = "Tetris", "Tetris\Tetris.csproj", "{25F75278-9929-4132-A883-D7D3E3EA7772}"
EndProject
Global
	GlobalSection(SolutionConfigurationPlatforms) = preSolution
		Debug|Any CPU = Debug|Any CPU
		Release|Any CPU = Release|Any CPU
	EndGlobalSection
	GlobalSection(ProjectConfigurationPlatforms) = postSolution
		{3A2868F7-F387-4A07-A268-7866B53BA87F}.Debug|Any CPU.ActiveCfg = Debug|Any CPU
		{3A2868F7-F387-4A07-A268-7866B53BA87F}.Debug|Any CPU.Build.0 = Debug|Any CPU
		{3A2868F7-F387-4A07-A268-7866B53BA87F}.Release|Any CPU.ActiveCfg = Release|Any CPU
		{3A2868F7-F387-4A07-A268-7866B53BA87F}.Release|Any CPU.Build.0 = Release|Any CPU
		{5B95A79A-FA2F-4478-9E54-481762036F18}.Debug|Any CPU.ActiveCfg = Debug|Any CPU
		{5B95A79A-FA2F-4478-9E54-481762036F18}.Debug|Any CPU.Build.0 = Debug|Any CPU
		{5B95A79A-FA2F-4478-9E54-481762036F18}.Release|Any CPU.ActiveCfg = Release|Any CPU
		{5B95A79A-FA2F-4478-9E54-481762036F18}.Release|Any CPU.Build.0 = Release|Any CPU
		{9B59C09D-DD34-4BDD-8331-EBC0641713A2}.Debug|Any CPU.ActiveCfg = Debug|Any CPU
		{9B59C09D-DD34-4BDD-8331-EBC0641713A2}.Debug|Any CPU.Build.0 = Debug|Any CPU
		{9B59C09D-DD34-4BDD-8331-EBC0641713A2}.Release|Any CPU.ActiveCfg = Release|Any CPU
		{9B59C09D-DD34-4BDD-8331-EBC0641713A2}.Release|Any CPU.Build.0 = Release|Any CPU
		{EB57F9CC-0E6C-4D78-BBB8-7CD8652E69BD}.Debug|Any CPU.ActiveCfg = Debug|Any CPU
		{EB57F9CC-0E6C-4D78-BBB8-7CD8652E69BD}.Debug|Any CPU.Build.0 = Debug|Any CPU
		{EB57F9CC-0E6C-4D78-BBB8-7CD8652E69BD}.Release|Any CPU.ActiveCfg = Release|Any CPU
		{EB57F9CC-0E6C-4D78-BBB8-7CD8652E69BD}.Release|Any CPU.Build.0 = Release|Any CPU
		{4207B30A-06F9-4605-B311-C5216ACE2247}.Debug|Any CPU.ActiveCfg = Debug|Any CPU
		{4207B30A-06F9-4605-B311-C5216ACE2247}.Debug|Any CPU.Build.0 = Debug|Any CPU
		{4207B30A-06F9-4605-B311-C5216ACE2247}.Release|Any CPU.ActiveCfg = Release|Any CPU
		{4207B30A-06F9-4605-B311-C5216ACE2247}.Release|Any CPU.Build.0 = Release|Any CPU
		{11F815E7-65D0-4183-9F6F-62CF291F1B9A}.Debug|Any CPU.ActiveCfg = Debug|Any CPU
		{11F815E7-65D0-4183-9F6F-62CF291F1B9A}.Debug|Any CPU.Build.0 = Debug|Any CPU
		{11F815E7-65D0-4183-9F6F-62CF291F1B9A}.Release|Any CPU.ActiveCfg = Release|Any CPU
		{11F815E7-65D0-4183-9F6F-62CF291F1B9A}.Release|Any CPU.Build.0 = Release|Any CPU
		{F0662B99-C90E-4CE9-81FF-4622CE5C029E}.Debug|Any CPU.ActiveCfg = Debug|Any CPU
		{F0662B99-C90E-4CE9-81FF-4622CE5C029E}.Debug|Any CPU.Build.0 = Debug|Any CPU
		{F0662B99-C90E-4CE9-81FF-4622CE5C029E}.Release|Any CPU.ActiveCfg = Release|Any CPU
		{F0662B99-C90E-4CE9-81FF-4622CE5C029E}.Release|Any CPU.Build.0 = Release|Any CPU
		{22E9D442-B694-4132-9DF7-24E50E2D8F6C}.Debug|Any CPU.ActiveCfg = Debug|Any CPU
		{22E9D442-B694-4132-9DF7-24E50E2D8F6C}.Debug|Any CPU.Build.0 = Debug|Any CPU
		{22E9D442-B694-4132-9DF7-24E50E2D8F6C}.Release|Any CPU.ActiveCfg = Release|Any CPU
		{22E9D442-B694-4132-9DF7-24E50E2D8F6C}.Release|Any CPU.Build.0 = Release|Any CPU
		{44A5E7CF-7195-46FC-99B2-6F4B82227C08}.Debug|Any CPU.ActiveCfg = Debug|Any CPU
		{44A5E7CF-7195-46FC-99B2-6F4B82227C08}.Debug|Any CPU.Build.0 = Debug|Any CPU
		{44A5E7CF-7195-46FC-99B2-6F4B82227C08}.Release|Any CPU.ActiveCfg = Release|Any CPU
		{44A5E7CF-7195-46FC-99B2-6F4B82227C08}.Release|Any CPU.Build.0 = Release|Any CPU
		{1B2F92AC-3A33-42CF-9172-D21AB0BD660D}.Debug|Any CPU.ActiveCfg = Debug|Any CPU
		{1B2F92AC-3A33-42CF-9172-D21AB0BD660D}.Debug|Any CPU.Build.0 = Debug|Any CPU
		{1B2F92AC-3A33-42CF-9172-D21AB0BD660D}.Release|Any CPU.ActiveCfg = Release|Any CPU
		{1B2F92AC-3A33-42CF-9172-D21AB0BD660D}.Release|Any CPU.Build.0 = Release|Any CPU
		{25F75278-9929-4132-A883-D7D3E3EA7772}.Debug|Any CPU.ActiveCfg = Debug|Any CPU
		{25F75278-9929-4132-A883-D7D3E3EA7772}.Debug|Any CPU.Build.0 = Debug|Any CPU
		{25F75278-9929-4132-A883-D7D3E3EA7772}.Release|Any CPU.ActiveCfg = Release|Any CPU
		{25F75278-9929-4132-A883-D7D3E3EA7772}.Release|Any CPU.Build.0 = Release|Any CPU
	EndGlobalSection
	GlobalSection(SolutionProperties) = preSolution
		HideSolutionNode = FALSE
	EndGlobalSection
	GlobalSection(ExtensibilityGlobals) = postSolution
		SolutionGuid = {44855844-7FC6-477D-9AC0-C5F922EDD464}
	EndGlobalSection
EndGlobal
